
Microsoft Visual Studio Solution File, Format Version 12.00
# Visual Studio 15
VisualStudioVersion = 15.0.28306.52
MinimumVisualStudioVersion = 10.0.40219.1
Project("{8BC9CEB8-8B4A-11D0-8D11-00A0C91BC942}") = "CaseInsensitiveStrings", "CaseInsensitiveStrings\CaseInsensitiveStrings.vcxproj", "{34B117AC-77F2-4487-B53A-B3D8B0FA05BD}"
EndProject
Project("{8BC9CEB8-8B4A-11D0-8D11-00A0C91BC942}") = "MaximallyReusableGenericContainers", "MaximallyReusableGenericContainers\MaximallyReusableGenericContainers.vcxproj", "{0410D682-B799-4339-8813-1CE7A881989D}"
EndProject
Global
	GlobalSection(SolutionConfigurationPlatforms) = preSolution
		Debug|x64 = Debug|x64
		Debug|x86 = Debug|x86
		Release|x64 = Release|x64
		Release|x86 = Release|x86
	EndGlobalSection
	GlobalSection(ProjectConfigurationPlatforms) = postSolution
		{34B117AC-77F2-4487-B53A-B3D8B0FA05BD}.Debug|x64.ActiveCfg = Debug|x64
		{34B117AC-77F2-4487-B53A-B3D8B0FA05BD}.Debug|x64.Build.0 = Debug|x64
		{34B117AC-77F2-4487-B53A-B3D8B0FA05BD}.Debug|x86.ActiveCfg = Debug|Win32
		{34B117AC-77F2-4487-B53A-B3D8B0FA05BD}.Debug|x86.Build.0 = Debug|Win32
		{34B117AC-77F2-4487-B53A-B3D8B0FA05BD}.Release|x64.ActiveCfg = Release|x64
		{34B117AC-77F2-4487-B53A-B3D8B0FA05BD}.Release|x64.Build.0 = Release|x64
		{34B117AC-77F2-4487-B53A-B3D8B0FA05BD}.Release|x86.ActiveCfg = Release|Win32
		{34B117AC-77F2-4487-B53A-B3D8B0FA05BD}.Release|x86.Build.0 = Release|Win32
		{0410D682-B799-4339-8813-1CE7A881989D}.Debug|x64.ActiveCfg = Debug|x64
		{0410D682-B799-4339-8813-1CE7A881989D}.Debug|x64.Build.0 = Debug|x64
		{0410D682-B799-4339-8813-1CE7A881989D}.Debug|x86.ActiveCfg = Debug|Win32
		{0410D682-B799-4339-8813-1CE7A881989D}.Debug|x86.Build.0 = Debug|Win32
		{0410D682-B799-4339-8813-1CE7A881989D}.Release|x64.ActiveCfg = Release|x64
		{0410D682-B799-4339-8813-1CE7A881989D}.Release|x64.Build.0 = Release|x64
		{0410D682-B799-4339-8813-1CE7A881989D}.Release|x86.ActiveCfg = Release|Win32
		{0410D682-B799-4339-8813-1CE7A881989D}.Release|x86.Build.0 = Release|Win32
	EndGlobalSection
	GlobalSection(SolutionProperties) = preSolution
		HideSolutionNode = FALSE
	EndGlobalSection
	GlobalSection(ExtensibilityGlobals) = postSolution
		SolutionGuid = {F03E19BD-7BE2-4702-94A0-9F0D08811282}
	EndGlobalSection
EndGlobal
